# @generated - this file is auto-generated by `mise lock` https://mise.jdx.dev/dev-tools/mise-lock.html

[[tools.erlang]]
version = "29.0.3"
backend = "core:erlang"

[tools.erlang.options]
precompiled = "if_available"

[tools.erlang."platforms.macos-arm64"]
checksum = "sha256:bfb187843b00fdff9a9eb79f15f17ffcd48d89150212f77206279fcd51136706"
url = "https://github.com/erlef/otp_builds/releases/download/OTP-29.0.3/otp-aarch64-apple-darwin.tar.gz"
url_api = "https://api.github.com/repos/erlef/otp_builds/releases/assets/464419851"

[tools.erlang."platforms.macos-x64"]
checksum = "sha256:9fb73031da37363200df4459ef57e16bb4e00134ec94bfb92b7a1b4db640dcca"
url = "https://github.com/erlef/otp_builds/releases/download/OTP-29.0.3/otp-x86_64-apple-darwin.tar.gz"
url_api = "https://api.github.com/repos/erlef/otp_builds/releases/assets/464426319"

[tools.erlang."platforms.windows-x64"]
checksum = "sha256:11a7bda6cb602641cb13d319967c72add457e0ea0bc467d3dc2159a937d8ab6a"
url = "https://github.com/erlang/otp/releases/download/OTP-29.0.3/otp_win64_29.0.3.zip"
url_api = "https://api.github.com/repos/erlang/otp/releases/assets/464473205"

[[tools.go]]
version = "1.26.2"
backend = "core:go"

[tools.go."platforms.linux-arm64"]
checksum = "sha256:c958a1fe1b361391db163a485e21f5f228142d6f8b584f6bef89b26f66dc5b23"
url = "https://dl.google.com/go/go1.26.2.linux-arm64.tar.gz"

[tools.go."platforms.linux-arm64-musl"]
checksum = "sha256:c958a1fe1b361391db163a485e21f5f228142d6f8b584f6bef89b26f66dc5b23"
url = "https://dl.google.com/go/go1.26.2.linux-arm64.tar.gz"

[tools.go."platforms.linux-x64"]
checksum = "sha256:990e6b4bbba816dc3ee129eaeaf4b42f17c2800b88a2166c265ac1a200262282"
url = "https://dl.google.com/go/go1.26.2.linux-amd64.tar.gz"

[tools.go."platforms.linux-x64-musl"]
checksum = "sha256:990e6b4bbba816dc3ee129eaeaf4b42f17c2800b88a2166c265ac1a200262282"
url = "https://dl.google.com/go/go1.26.2.linux-amd64.tar.gz"

[tools.go."platforms.macos-arm64"]
checksum = "sha256:32af1522bf3e3ff3975864780a429cc0b41d190ec7bf90faa661d6d64566e7af"
url = "https://dl.google.com/go/go1.26.2.darwin-arm64.tar.gz"

[tools.go."platforms.macos-x64"]
checksum = "sha256:bc3f1500d9968c36d705442d90ba91addf9271665033748b82532682e90a7966"
url = "https://dl.google.com/go/go1.26.2.darwin-amd64.tar.gz"

[tools.go."platforms.windows-x64"]
checksum = "sha256:98eb3570bade15cb826b0909338df6cc6d2cf590bc39c471142002db3832b708"
url = "https://dl.google.com/go/go1.26.2.windows-amd64.zip"

[[tools.ldc]]
version = "1.42.0"
backend = "github:ldc-developers/ldc"

[tools.ldc."platforms.linux-arm64"]
checksum = "sha256:687707c3e20ff910528eb2d92f27a98cb0960284de3b026e6bf20284ac1c8511"
url = "https://github.com/ldc-developers/ldc/releases/download/v1.42.0/ldc2-1.42.0-linux-aarch64.tar.xz"
url_api = "https://api.github.com/repos/ldc-developers/ldc/releases/assets/364804150"

[tools.ldc."platforms.linux-arm64-musl"]
checksum = "sha256:687707c3e20ff910528eb2d92f27a98cb0960284de3b026e6bf20284ac1c8511"
url = "https://github.com/ldc-developers/ldc/releases/download/v1.42.0/ldc2-1.42.0-linux-aarch64.tar.xz"
url_api = "https://api.github.com/repos/ldc-developers/ldc/releases/assets/364804150"

[tools.ldc."platforms.linux-x64"]
checksum = "sha256:a7bc9c956138f558cadf9c962352f59d41c80df6eb3ae3f8039f25be14a69303"
url = "https://github.com/ldc-developers/ldc/releases/download/v1.42.0/ldc2-1.42.0-linux-x86_64.tar.xz"
url_api = "https://api.github.com/repos/ldc-developers/ldc/releases/assets/364804140"

[tools.ldc."platforms.linux-x64-musl"]
checksum = "sha256:a7bc9c956138f558cadf9c962352f59d41c80df6eb3ae3f8039f25be14a69303"
url = "https://github.com/ldc-developers/ldc/releases/download/v1.42.0/ldc2-1.42.0-linux-x86_64.tar.xz"
url_api = "https://api.github.com/repos/ldc-developers/ldc/releases/assets/364804140"

[tools.ldc."platforms.macos-arm64"]
checksum = "sha256:7a68e21c5305766a74f4736cc891a7942db7842a9226623209504bc85c701382"
url = "https://github.com/ldc-developers/ldc/releases/download/v1.42.0/ldc2-1.42.0-osx-arm64.tar.xz"
url_api = "https://api.github.com/repos/ldc-developers/ldc/releases/assets/364804125"

[tools.ldc."platforms.macos-x64"]
checksum = "sha256:3d3d4283c2f0856f65aca4af3c1e14d25f12619808893ca755ea6f088508503e"
url = "https://github.com/ldc-developers/ldc/releases/download/v1.42.0/ldc2-1.42.0-osx-x86_64.tar.xz"
url_api = "https://api.github.com/repos/ldc-developers/ldc/releases/assets/364804112"

[tools.ldc."platforms.windows-x64"]
checksum = "sha256:5b16bf2a44d7fb6b8012f932c8760603dab6307968c3112cc578b5690f46b5c8"
url = "https://github.com/ldc-developers/ldc/releases/download/v1.42.0/ldc2-1.42.0-windows-x64.7z"
url_api = "https://api.github.com/repos/ldc-developers/ldc/releases/assets/364804070"

[[tools.python]]
version = "3.14.5"
backend = "core:python"

[tools.python."platforms.linux-arm64"]
checksum = "sha256:1d3ea1b3cd9b8f3d53afb629e82e9bc8f6dab6cbb1a7d23524bd86ba5bc22570"
url = "https://github.com/astral-sh/python-build-standalone/releases/download/20260602/cpython-3.14.5+20260602-aarch64-unknown-linux-gnu-install_only_stripped.tar.gz"
provenance = "github-attestations"

[tools.python."platforms.linux-arm64-musl"]
checksum = "sha256:23dfd69917f1c693b7ce857f014a72da546c8132c277bb6ac98fdbe12334e221"
url = "https://github.com/astral-sh/python-build-standalone/releases/download/20260602/cpython-3.14.5+20260602-aarch64-unknown-linux-musl-install_only_stripped.tar.gz"
provenance = "github-attestations"

[tools.python."platforms.linux-x64"]
checksum = "sha256:982a60fc7f11bbe405ab54afcd4eb145f1134797bbbffac9f5c49df4ec98b13e"
url = "https://github.com/astral-sh/python-build-standalone/releases/download/20260602/cpython-3.14.5+20260602-x86_64-unknown-linux-gnu-install_only_stripped.tar.gz"
provenance = "github-attestations"

[tools.python."platforms.linux-x64-musl"]
checksum = "sha256:09fb97b20df0ed9336d39468007619b3458489c33fa4166b43155587b382f84a"
url = "https://github.com/astral-sh/python-build-standalone/releases/download/20260602/cpython-3.14.5+20260602-x86_64-unknown-linux-musl-install_only_stripped.tar.gz"
provenance = "github-attestations"

[tools.python."platforms.macos-arm64"]
checksum = "sha256:3a0373cc39fefd494754ef555267f245c720cddbaaabf63a7c9a4269f1e56532"
url = "https://github.com/astral-sh/python-build-standalone/releases/download/20260602/cpython-3.14.5+20260602-aarch64-apple-darwin-install_only_stripped.tar.gz"
provenance = "github-attestations"

[tools.python."platforms.macos-x64"]
checksum = "sha256:d44ff6ec301cabc91eb0c756b1948b28579fb07feba36aaf1990e535649d5ea6"
url = "https://github.com/astral-sh/python-build-standalone/releases/download/20260602/cpython-3.14.5+20260602-x86_64-apple-darwin-install_only_stripped.tar.gz"
provenance = "github-attestations"

[tools.python."platforms.windows-x64"]
checksum = "sha256:66b065143e538c07f069f764d831d8ffae95507907d4ca211304e6f3a056435c"
url = "https://github.com/astral-sh/python-build-standalone/releases/download/20260602/cpython-3.14.5+20260602-x86_64-pc-windows-msvc-install_only_stripped.tar.gz"
provenance = "github-attestations"

[[tools.rebar]]
version = "3.27.0"
backend = "github:erlang/rebar3"

[tools.rebar.options]
asset_pattern = "rebar3"

[tools.rebar."platforms.linux-arm64"]
checksum = "sha256:af85aab41f9fd74bdd6341ebdf6fe9c88077aab9f8eac82371583fa02f2b0bdf"
url = "https://github.com/erlang/rebar3/releases/download/3.27.0/rebar3"
url_api = "https://api.github.com/repos/erlang/rebar3/releases/assets/363630699"

[tools.rebar."platforms.linux-arm64-musl"]
checksum = "sha256:af85aab41f9fd74bdd6341ebdf6fe9c88077aab9f8eac82371583fa02f2b0bdf"
url = "https://github.com/erlang/rebar3/releases/download/3.27.0/rebar3"
url_api = "https://api.github.com/repos/erlang/rebar3/releases/assets/363630699"

[tools.rebar."platforms.linux-x64"]
checksum = "sha256:af85aab41f9fd74bdd6341ebdf6fe9c88077aab9f8eac82371583fa02f2b0bdf"
url = "https://github.com/erlang/rebar3/releases/download/3.27.0/rebar3"
url_api = "https://api.github.com/repos/erlang/rebar3/releases/assets/363630699"

[tools.rebar."platforms.linux-x64-musl"]
checksum = "sha256:af85aab41f9fd74bdd6341ebdf6fe9c88077aab9f8eac82371583fa02f2b0bdf"
url = "https://github.com/erlang/rebar3/releases/download/3.27.0/rebar3"
url_api = "https://api.github.com/repos/erlang/rebar3/releases/assets/363630699"

[tools.rebar."platforms.macos-arm64"]
checksum = "sha256:af85aab41f9fd74bdd6341ebdf6fe9c88077aab9f8eac82371583fa02f2b0bdf"
url = "https://github.com/erlang/rebar3/releases/download/3.27.0/rebar3"
url_api = "https://api.github.com/repos/erlang/rebar3/releases/assets/363630699"

[tools.rebar."platforms.macos-x64"]
checksum = "sha256:af85aab41f9fd74bdd6341ebdf6fe9c88077aab9f8eac82371583fa02f2b0bdf"
url = "https://github.com/erlang/rebar3/releases/download/3.27.0/rebar3"
url_api = "https://api.github.com/repos/erlang/rebar3/releases/assets/363630699"

[tools.rebar."platforms.windows-x64"]
checksum = "sha256:af85aab41f9fd74bdd6341ebdf6fe9c88077aab9f8eac82371583fa02f2b0bdf"
url = "https://github.com/erlang/rebar3/releases/download/3.27.0/rebar3"
url_api = "https://api.github.com/repos/erlang/rebar3/releases/assets/363630699"

[[tools.ruby]]
version = "4.0.5"
backend = "core:ruby"

[tools.ruby.options]
compile = "false"
precompiled_url = "jdx/ruby"
ruby_build_repo = "https://github.com/rbenv/ruby-build.git"
ruby_install = "false"

[tools.ruby."platforms.linux-arm64"]
checksum = "sha256:142cc75048232c19fedca2748f4882f5d40443eb3d3532dc65efab44e6107553"
url = "https://github.com/jdx/ruby/releases/download/4.0.5-2/ruby-4.0.5.arm64_linux.tar.gz"
provenance = "github-attestations"

[tools.ruby."platforms.linux-arm64-musl"]
checksum = "sha256:142cc75048232c19fedca2748f4882f5d40443eb3d3532dc65efab44e6107553"
url = "https://github.com/jdx/ruby/releases/download/4.0.5-2/ruby-4.0.5.arm64_linux.tar.gz"
provenance = "github-attestations"

[tools.ruby."platforms.linux-x64"]
checksum = "sha256:15a8cb9e40784fe3d2309e1bf30a8cb92932ec83513e93dc90d8b507608344a0"
url = "https://github.com/jdx/ruby/releases/download/4.0.5-2/ruby-4.0.5.x86_64_linux.tar.gz"
provenance = "github-attestations"

[tools.ruby."platforms.linux-x64-musl"]
checksum = "sha256:15a8cb9e40784fe3d2309e1bf30a8cb92932ec83513e93dc90d8b507608344a0"
url = "https://github.com/jdx/ruby/releases/download/4.0.5-2/ruby-4.0.5.x86_64_linux.tar.gz"
provenance = "github-attestations"

[tools.ruby."platforms.macos-arm64"]
checksum = "sha256:2ceac7dbfb7ce73e7efbf0198fb859c23144169af9bd417b3996c6176e60ae80"
url = "https://github.com/jdx/ruby/releases/download/4.0.5-2/ruby-4.0.5.macos.tar.gz"
provenance = "github-attestations"

[tools.ruby."platforms.macos-x64"]
checksum = "sha256:7d6149079a63f8ae1d326c9fa65c6019ba2dc3155eae7b39159817911c88958e"
url = "https://cache.ruby-lang.org/pub/ruby/4.0/ruby-4.0.5.tar.gz"

[tools.ruby."platforms.windows-x64"]
checksum = "sha256:74e31613fc71e6e23431dfc4d8b6ec2818a4dc1fd16e0983b074144c16719c8b"
url = "https://github.com/oneclick/rubyinstaller2/releases/download/RubyInstaller-4.0.5-1/rubyinstaller-4.0.5-1-x64.7z"

[[tools.ruby]]
version = "4.0.5"
backend = "core:ruby"

[tools.ruby."platforms.windows-x64"]
checksum = "sha256:74e31613fc71e6e23431dfc4d8b6ec2818a4dc1fd16e0983b074144c16719c8b"
url = "https://github.com/oneclick/rubyinstaller2/releases/download/RubyInstaller-4.0.5-1/rubyinstaller-4.0.5-1-x64.7z"

[[tools.rust]]
version = "stable"
backend = "core:rust"

[[tools.uv]]
version = "0.11.6"
backend = "aqua:astral-sh/uv"

[tools.uv."platforms.linux-arm64"]
checksum = "sha256:d14ebd6f200047264152daaf97b8bd36c7885a5033e9e8bba8366cb0049c0d00"
url = "https://github.com/astral-sh/uv/releases/download/0.11.6/uv-aarch64-unknown-linux-musl.tar.gz"
url_api = "https://api.github.com/repos/astral-sh/uv/releases/assets/392367465"
provenance = "github-attestations"

[tools.uv."platforms.linux-arm64-musl"]
checksum = "sha256:d14ebd6f200047264152daaf97b8bd36c7885a5033e9e8bba8366cb0049c0d00"
url = "https://github.com/astral-sh/uv/releases/download/0.11.6/uv-aarch64-unknown-linux-musl.tar.gz"
url_api = "https://api.github.com/repos/astral-sh/uv/releases/assets/392367465"
provenance = "github-attestations"

[tools.uv."platforms.linux-x64"]
checksum = "sha256:aa342a53abe42364093506d7704214d2cdca30b916843e520bc67759a5d20132"
url = "https://github.com/astral-sh/uv/releases/download/0.11.6/uv-x86_64-unknown-linux-musl.tar.gz"
url_api = "https://api.github.com/repos/astral-sh/uv/releases/assets/392367538"
provenance = "github-attestations"

[tools.uv."platforms.linux-x64-musl"]
checksum = "sha256:aa342a53abe42364093506d7704214d2cdca30b916843e520bc67759a5d20132"
url = "https://github.com/astral-sh/uv/releases/download/0.11.6/uv-x86_64-unknown-linux-musl.tar.gz"
url_api = "https://api.github.com/repos/astral-sh/uv/releases/assets/392367538"
provenance = "github-attestations"

[tools.uv."platforms.macos-arm64"]
checksum = "sha256:4b69a4e366ec38cd5f305707de95e12951181c448679a00dce2a78868dfc9f5b"
url = "https://github.com/astral-sh/uv/releases/download/0.11.6/uv-aarch64-apple-darwin.tar.gz"
url_api = "https://api.github.com/repos/astral-sh/uv/releases/assets/392367455"
provenance = "github-attestations"

[tools.uv."platforms.macos-x64"]
checksum = "sha256:8e0ed5035eaa28c7c8cd2a46b5b9a05bfff1ef01dbdc090a010eb8fdf193a457"
url = "https://github.com/astral-sh/uv/releases/download/0.11.6/uv-x86_64-apple-darwin.tar.gz"
url_api = "https://api.github.com/repos/astral-sh/uv/releases/assets/392367529"
provenance = "github-attestations"

[tools.uv."platforms.windows-x64"]
checksum = "sha256:99aa60edd017a256dbf378f372d1cff3292dbc6696e0ea01716d9158d773ab77"
url = "https://github.com/astral-sh/uv/releases/download/0.11.6/uv-x86_64-pc-windows-msvc.zip"
url_api = "https://api.github.com/repos/astral-sh/uv/releases/assets/392367531"
provenance = "github-attestations"

[[tools.zig]]
version = "0.15.2"
backend = "core:zig"

[tools.zig."platforms.linux-arm64"]
checksum = "sha256:958ed7d1e00d0ea76590d27666efbf7a932281b3d7ba0c6b01b0ff26498f667f"
url = "https://ziglang.org/download/0.15.2/zig-aarch64-linux-0.15.2.tar.xz"

[tools.zig."platforms.linux-arm64-musl"]
checksum = "sha256:958ed7d1e00d0ea76590d27666efbf7a932281b3d7ba0c6b01b0ff26498f667f"
url = "https://ziglang.org/download/0.15.2/zig-aarch64-linux-0.15.2.tar.xz"

[tools.zig."platforms.linux-x64"]
checksum = "sha256:02aa270f183da276e5b5920b1dac44a63f1a49e55050ebde3aecc9eb82f93239"
url = "https://ziglang.org/download/0.15.2/zig-x86_64-linux-0.15.2.tar.xz"
provenance = "minisign"

[tools.zig."platforms.linux-x64-musl"]
checksum = "sha256:02aa270f183da276e5b5920b1dac44a63f1a49e55050ebde3aecc9eb82f93239"
url = "https://ziglang.org/download/0.15.2/zig-x86_64-linux-0.15.2.tar.xz"

[tools.zig."platforms.macos-arm64"]
checksum = "sha256:3cc2bab367e185cdfb27501c4b30b1b0653c28d9f73df8dc91488e66ece5fa6b"
url = "https://ziglang.org/download/0.15.2/zig-aarch64-macos-0.15.2.tar.xz"

[tools.zig."platforms.macos-x64"]
checksum = "sha256:375b6909fc1495d16fc2c7db9538f707456bfc3373b14ee83fdd3e22b3d43f7f"
url = "https://ziglang.org/download/0.15.2/zig-x86_64-macos-0.15.2.tar.xz"

[tools.zig."platforms.windows-x64"]
checksum = "sha256:3a0ed1e8799a2f8ce2a6e6290a9ff22e6906f8227865911fb7ddedc3cc14cb0c"
url = "https://ziglang.org/download/0.15.2/zig-x86_64-windows-0.15.2.zip"
